
Microsoft Visual Studio Solution File, Format Version 12.00
# Visual Studio Version 17
VisualStudioVersion = 17.3.32819.101
MinimumVisualStudioVersion = 10.0.40219.1
Project("{9A19103F-16F7-4668-BE54-9A1E7A4F7556}") = "Webapplikasjoner_oblig", "Webapplikasjoner_oblig\Webapplikasjoner_oblig.csproj", "{444AD8CB-716D-4201-A59C-5A7FAB7F1D90}"
EndProject
Project("{9A19103F-16F7-4668-BE54-9A1E7A4F7556}") = "AlphaVantageInterface", "AlphaVantageInterface\AlphaVantageInterface.csproj", "{75799029-156B-42ED-AE09-18A8440D462B}"
EndProject
Project("{9A19103F-16F7-4668-BE54-9A1E7A4F7556}") = "EcbCurrencyInterface", "EcbCurrencyInterface\EcbCurrencyInterface.csproj", "{59AE6729-13AC-4184-AC44-E5963738C8BF}"
EndProject
Global
	GlobalSection(SolutionConfigurationPlatforms) = preSolution
		Debug|Any CPU = Debug|Any CPU
		Release|Any CPU = Release|Any CPU
	EndGlobalSection
	GlobalSection(ProjectConfigurationPlatforms) = postSolution
		{444AD8CB-716D-4201-A59C-5A7FAB7F1D90}.Debug|Any CPU.ActiveCfg = Debug|Any CPU
		{444AD8CB-716D-4201-A59C-5A7FAB7F1D90}.Debug|Any CPU.Build.0 = Debug|Any CPU
		{444AD8CB-716D-4201-A59C-5A7FAB7F1D90}.Release|Any CPU.ActiveCfg = Release|Any CPU
		{444AD8CB-716D-4201-A59C-5A7FAB7F1D90}.Release|Any CPU.Build.0 = Release|Any CPU
		{75799029-156B-42ED-AE09-18A8440D462B}.Debug|Any CPU.ActiveCfg = Debug|Any CPU
		{75799029-156B-42ED-AE09-18A8440D462B}.Debug|Any CPU.Build.0 = Debug|Any CPU
		{75799029-156B-42ED-AE09-18A8440D462B}.Release|Any CPU.ActiveCfg = Release|Any CPU
		{75799029-156B-42ED-AE09-18A8440D462B}.Release|Any CPU.Build.0 = Release|Any CPU
		{59AE6729-13AC-4184-AC44-E5963738C8BF}.Debug|Any CPU.ActiveCfg = Debug|Any CPU
		{59AE6729-13AC-4184-AC44-E5963738C8BF}.Debug|Any CPU.Build.0 = Debug|Any CPU
		{59AE6729-13AC-4184-AC44-E5963738C8BF}.Release|Any CPU.ActiveCfg = Release|Any CPU
		{59AE6729-13AC-4184-AC44-E5963738C8BF}.Release|Any CPU.Build.0 = Release|Any CPU
	EndGlobalSection
	GlobalSection(SolutionProperties) = preSolution
		HideSolutionNode = FALSE
	EndGlobalSection
	GlobalSection(ExtensibilityGlobals) = postSolution
		SolutionGuid = {98C06A35-47F3-450D-A5FA-ECC2802D1965}
	EndGlobalSection
EndGlobal
